{
    "_meta": {
        "hash": {
            "sha256": "1a6617e2b5daaaca116ce36a3e7b42c0a4d61ef9fb2db8a35959de7069532025"
        },
        "pipfile-spec": 6,
        "requires": {
            "python_version": "3.8"
        },
        "sources": [
            {
                "name": "pypi",
                "url": "https://pypi.org/simple",
                "verify_ssl": true
            }
        ]
    },
    "default": {
        "evdev": {
            "hashes": [
                "sha256:8782740eb1a86b187334c07feb5127d3faa0b236e113206dfe3ae8f77fb1aaf1"
            ],
            "markers": "'linux' in sys_platform",
            "version": "==1.4.0"
        },
        "pynput": {
            "hashes": [
                "sha256:4e50b1a0ab86847e87e58f6d1993688b9a44f9f4c88d4712315ea8eb552ef828",
                "sha256:fea5777454f896bd79d35393088cd29a089f3b2da166f0848a922b1d5a807d4f"
            ],
            "index": "pypi",
            "version": "==1.7.3"
        },
        "python-xlib": {
            "hashes": [
                "sha256:74131418faf9e7b83178c71d9d80297fbbd678abe99ae9258f5a20cd027acb5f",
                "sha256:c4c92cd47e07588b2cbc7d52de18407b2902c3812d7cdec39cd2177b060828e2"
            ],
            "markers": "'linux' in sys_platform",
            "version": "==0.30"
        },
        "six": {
            "hashes": [
                "sha256:1e61c37477a1626458e36f7b1d82aa5c9b094fa4802892072e49de9c60c4c926",
                "sha256:8abb2f1d86890a2dfb989f9a77cfcfd3e47c2a354b01111771326f8aa26e0254"
            ],
            "version": "==1.16.0"
        }
    },
    "develop": {}
}
